// !$*UTF8*$!
{
	archiveVersion = 1;
	classes = {
	};
	objectVersion = 55;
	objects = {

/* Begin PBXBuildFile section */
		AA26A69D27AF9424003D1F17 /* Tests_iOS.swift in Sources */ = {isa = PBXBuildFile; fileRef = AA26A69C27AF9424003D1F17 /* Tests_iOS.swift */; };
		AA26A69F27AF9424003D1F17 /* Tests_iOSLaunchTests.swift in Sources */ = {isa = PBXBuildFile; fileRef = AA26A69E27AF9424003D1F17 /* Tests_iOSLaunchTests.swift */; };
		AA26A6A927AF9424003D1F17 /* Tests_macOS.swift in Sources */ = {isa = PBXBuildFile; fileRef = AA26A6A827AF9424003D1F17 /* Tests_macOS.swift */; };
		AA26A6AB27AF9424003D1F17 /* Tests_macOSLaunchTests.swift in Sources */ = {isa = PBXBuildFile; fileRef = AA26A6AA27AF9424003D1F17 /* Tests_macOSLaunchTests.swift */; };
		AA26A6AC27AF9424003D1F17 /* ImaDokoApp.swift in Sources */ = {isa = PBXBuildFile; fileRef = AA26A68427AF9423003D1F17 /* ImaDokoApp.swift */; };
		AA26A6AD27AF9424003D1F17 /* ImaDokoApp.swift in Sources */ = {isa = PBXBuildFile; fileRef = AA26A68427AF9423003D1F17 /* ImaDokoApp.swift */; };
		AA26A6AE27AF9424003D1F17 /* ContentView.swift in Sources */ = {isa = PBXBuildFile; fileRef = AA26A68527AF9423003D1F17 /* ContentView.swift */; };
		AA26A6AF27AF9424003D1F17 /* ContentView.swift in Sources */ = {isa = PBXBuildFile; fileRef = AA26A68527AF9423003D1F17 /* ContentView.swift */; };
		AA26A6B027AF9424003D1F17 /* Assets.xcassets in Resources */ = {isa = PBXBuildFile; fileRef = AA26A68627AF9424003D1F17 /* Assets.xcassets */; };
		AA26A6B127AF9424003D1F17 /* Assets.xcassets in Resources */ = {isa = PBXBuildFile; fileRef = AA26A68627AF9424003D1F17 /* Assets.xcassets */; };
		AA83DC2527AF980A008F2226 /* MapView.swift in Sources */ = {isa = PBXBuildFile; fileRef = AA83DC2427AF980A008F2226 /* MapView.swift */; };
		AA83DC2827AF9B67008F2226 /* RootView.swift in Sources */ = {isa = PBXBuildFile; fileRef = AA83DC2727AF9B67008F2226 /* RootView.swift */; };
		AA83DC2A27AF9BC2008F2226 /* RootRouter.swift in Sources */ = {isa = PBXBuildFile; fileRef = AA83DC2927AF9BC2008F2226 /* RootRouter.swift */; };
		AA83DC2C27AF9C50008F2226 /* MapRouter.swift in Sources */ = {isa = PBXBuildFile; fileRef = AA83DC2B27AF9C50008F2226 /* MapRouter.swift */; };
		AA83DC2F27AF9D01008F2226 /* HomeView.swift in Sources */ = {isa = PBXBuildFile; fileRef = AA83DC2E27AF9D01008F2226 /* HomeView.swift */; };
		AA83DC3127AF9D15008F2226 /* HomeRouter.swift in Sources */ = {isa = PBXBuildFile; fileRef = AA83DC3027AF9D15008F2226 /* HomeRouter.swift */; };
		AA83DC3327AF9F12008F2226 /* HomePresenter.swift in Sources */ = {isa = PBXBuildFile; fileRef = AA83DC3227AF9F12008F2226 /* HomePresenter.swift */; };
		AA83DC3527AF9F1D008F2226 /* RootPresenter.swift in Sources */ = {isa = PBXBuildFile; fileRef = AA83DC3427AF9F1D008F2226 /* RootPresenter.swift */; };
		AA83DC3727AF9F28008F2226 /* MapPresenter.swift in Sources */ = {isa = PBXBuildFile; fileRef = AA83DC3627AF9F28008F2226 /* MapPresenter.swift */; };
		AA83DC3C27AFA67F008F2226 /* Localizable.strings in Resources */ = {isa = PBXBuildFile; fileRef = AA83DC3E27AFA67F008F2226 /* Localizable.strings */; };
		AA83DC4227AFC6D2008F2226 /* MessageView.swift in Sources */ = {isa = PBXBuildFile; fileRef = AA83DC4127AFC6D2008F2226 /* MessageView.swift */; };
		AA83DC4427AFC6DF008F2226 /* MessagePresenter.swift in Sources */ = {isa = PBXBuildFile; fileRef = AA83DC4327AFC6DF008F2226 /* MessagePresenter.swift */; };
		AA83DC4627AFC6E7008F2226 /* MessageRouter.swift in Sources */ = {isa = PBXBuildFile; fileRef = AA83DC4527AFC6E7008F2226 /* MessageRouter.swift */; };
		AA83DC4927B018AC008F2226 /* UnrepliedMessageItem.swift in Sources */ = {isa = PBXBuildFile; fileRef = AA83DC4827B018AC008F2226 /* UnrepliedMessageItem.swift */; };
		AA83DC4C27B019ED008F2226 /* DateUtility.swift in Sources */ = {isa = PBXBuildFile; fileRef = AA83DC4B27B019ED008F2226 /* DateUtility.swift */; };
		AAADEFDA27B78AE500D81A52 /* Message.swift in Sources */ = {isa = PBXBuildFile; fileRef = AAADEFD927B78AE500D81A52 /* Message.swift */; };
		AAADEFDC27B7907000D81A52 /* User.swift in Sources */ = {isa = PBXBuildFile; fileRef = AAADEFDB27B7907000D81A52 /* User.swift */; };
		AAADEFDE27B7920B00D81A52 /* FriendListItem.swift in Sources */ = {isa = PBXBuildFile; fileRef = AAADEFDD27B7920B00D81A52 /* FriendListItem.swift */; };
		AAADEFE027B7B28700D81A52 /* PinItem.swift in Sources */ = {isa = PBXBuildFile; fileRef = AAADEFDF27B7B28700D81A52 /* PinItem.swift */; };
		AAADEFE227B7BB5E00D81A52 /* AvatorMapAnnotation.swift in Sources */ = {isa = PBXBuildFile; fileRef = AAADEFE127B7BB5E00D81A52 /* AvatorMapAnnotation.swift */; };
		AAE3F98927B7F75D007CD36D /* Triangle.swift in Sources */ = {isa = PBXBuildFile; fileRef = AAE3F98827B7F75D007CD36D /* Triangle.swift */; };
		AAE3F98B27B80727007CD36D /* LocationButton.swift in Sources */ = {isa = PBXBuildFile; fileRef = AAE3F98A27B80727007CD36D /* LocationButton.swift */; };
/* End PBXBuildFile section */

/* Begin PBXContainerItemProxy section */
		AA26A69927AF9424003D1F17 /* PBXContainerItemProxy */ = {
			isa = PBXContainerItemProxy;
			containerPortal = AA26A67F27AF9423003D1F17 /* Project object */;
			proxyType = 1;
			remoteGlobalIDString = AA26A68A27AF9424003D1F17;
			remoteInfo = "ImaDoko (iOS)";
		};
		AA26A6A527AF9424003D1F17 /* PBXContainerItemProxy */ = {
			isa = PBXContainerItemProxy;
			containerPortal = AA26A67F27AF9423003D1F17 /* Project object */;
			proxyType = 1;
			remoteGlobalIDString = AA26A69027AF9424003D1F17;
			remoteInfo = "ImaDoko (macOS)";
		};
/* End PBXContainerItemProxy section */

/* Begin PBXFileReference section */
		AA26A68427AF9423003D1F17 /* ImaDokoApp.swift */ = {isa = PBXFileReference; lastKnownFileType = sourcecode.swift; path = ImaDokoApp.swift; sourceTree = "<group>"; };
		AA26A68527AF9423003D1F17 /* ContentView.swift */ = {isa = PBXFileReference; lastKnownFileType = sourcecode.swift; path = ContentView.swift; sourceTree = "<group>"; };
		AA26A68627AF9424003D1F17 /* Assets.xcassets */ = {isa = PBXFileReference; lastKnownFileType = folder.assetcatalog; path = Assets.xcassets; sourceTree = "<group>"; };
		AA26A68B27AF9424003D1F17 /* ImaDoko.app */ = {isa = PBXFileReference; explicitFileType = wrapper.application; includeInIndex = 0; path = ImaDoko.app; sourceTree = BUILT_PRODUCTS_DIR; };
		AA26A69127AF9424003D1F17 /* ImaDoko.app */ = {isa = PBXFileReference; explicitFileType = wrapper.application; includeInIndex = 0; path = ImaDoko.app; sourceTree = BUILT_PRODUCTS_DIR; };
		AA26A69327AF9424003D1F17 /* macOS.entitlements */ = {isa = PBXFileReference; lastKnownFileType = text.plist.entitlements; path = macOS.entitlements; sourceTree = "<group>"; };
		AA26A69827AF9424003D1F17 /* Tests iOS.xctest */ = {isa = PBXFileReference; explicitFileType = wrapper.cfbundle; includeInIndex = 0; path = "Tests iOS.xctest"; sourceTree = BUILT_PRODUCTS_DIR; };
		AA26A69C27AF9424003D1F17 /* Tests_iOS.swift */ = {isa = PBXFileReference; lastKnownFileType = sourcecode.swift; path = Tests_iOS.swift; sourceTree = "<group>"; };
		AA26A69E27AF9424003D1F17 /* Tests_iOSLaunchTests.swift */ = {isa = PBXFileReference; lastKnownFileType = sourcecode.swift; path = Tests_iOSLaunchTests.swift; sourceTree = "<group>"; };
		AA26A6A427AF9424003D1F17 /* Tests macOS.xctest */ = {isa = PBXFileReference; explicitFileType = wrapper.cfbundle; includeInIndex = 0; path = "Tests macOS.xctest"; sourceTree = BUILT_PRODUCTS_DIR; };
		AA26A6A827AF9424003D1F17 /* Tests_macOS.swift */ = {isa = PBXFileReference; lastKnownFileType = sourcecode.swift; path = Tests_macOS.swift; sourceTree = "<group>"; };
		AA26A6AA27AF9424003D1F17 /* Tests_macOSLaunchTests.swift */ = {isa = PBXFileReference; lastKnownFileType = sourcecode.swift; path = Tests_macOSLaunchTests.swift; sourceTree = "<group>"; };
		AA83DC2427AF980A008F2226 /* MapView.swift */ = {isa = PBXFileReference; lastKnownFileType = sourcecode.swift; path = MapView.swift; sourceTree = "<group>"; };
		AA83DC2727AF9B67008F2226 /* RootView.swift */ = {isa = PBXFileReference; lastKnownFileType = sourcecode.swift; path = RootView.swift; sourceTree = "<group>"; };
		AA83DC2927AF9BC2008F2226 /* RootRouter.swift */ = {isa = PBXFileReference; lastKnownFileType = sourcecode.swift; path = RootRouter.swift; sourceTree = "<group>"; };
		AA83DC2B27AF9C50008F2226 /* MapRouter.swift */ = {isa = PBXFileReference; lastKnownFileType = sourcecode.swift; path = MapRouter.swift; sourceTree = "<group>"; };
		AA83DC2E27AF9D01008F2226 /* HomeView.swift */ = {isa = PBXFileReference; lastKnownFileType = sourcecode.swift; path = HomeView.swift; sourceTree = "<group>"; };
		AA83DC3027AF9D15008F2226 /* HomeRouter.swift */ = {isa = PBXFileReference; lastKnownFileType = sourcecode.swift; path = HomeRouter.swift; sourceTree = "<group>"; };
		AA83DC3227AF9F12008F2226 /* HomePresenter.swift */ = {isa = PBXFileReference; lastKnownFileType = sourcecode.swift; path = HomePresenter.swift; sourceTree = "<group>"; };
		AA83DC3427AF9F1D008F2226 /* RootPresenter.swift */ = {isa = PBXFileReference; lastKnownFileType = sourcecode.swift; path = RootPresenter.swift; sourceTree = "<group>"; };
		AA83DC3627AF9F28008F2226 /* MapPresenter.swift */ = {isa = PBXFileReference; lastKnownFileType = sourcecode.swift; path = MapPresenter.swift; sourceTree = "<group>"; };
		AA83DC3D27AFA67F008F2226 /* en */ = {isa = PBXFileReference; lastKnownFileType = text.plist.strings; name = en; path = en.lproj/Localizable.strings; sourceTree = "<group>"; };
		AA83DC3F27AFA68A008F2226 /* ja */ = {isa = PBXFileReference; lastKnownFileType = text.plist.strings; name = ja; path = ja.lproj/Localizable.strings; sourceTree = "<group>"; };
		AA83DC4127AFC6D2008F2226 /* MessageView.swift */ = {isa = PBXFileReference; lastKnownFileType = sourcecode.swift; path = MessageView.swift; sourceTree = "<group>"; };
		AA83DC4327AFC6DF008F2226 /* MessagePresenter.swift */ = {isa = PBXFileReference; lastKnownFileType = sourcecode.swift; path = MessagePresenter.swift; sourceTree = "<group>"; };
		AA83DC4527AFC6E7008F2226 /* MessageRouter.swift */ = {isa = PBXFileReference; lastKnownFileType = sourcecode.swift; path = MessageRouter.swift; sourceTree = "<group>"; };
		AA83DC4827B018AC008F2226 /* UnrepliedMessageItem.swift */ = {isa = PBXFileReference; lastKnownFileType = sourcecode.swift; path = UnrepliedMessageItem.swift; sourceTree = "<group>"; };
		AA83DC4B27B019ED008F2226 /* DateUtility.swift */ = {isa = PBXFileReference; lastKnownFileType = sourcecode.swift; path = DateUtility.swift; sourceTree = "<group>"; };
		AAADEFD927B78AE500D81A52 /* Message.swift */ = {isa = PBXFileReference; lastKnownFileType = sourcecode.swift; path = Message.swift; sourceTree = "<group>"; };
		AAADEFDB27B7907000D81A52 /* User.swift */ = {isa = PBXFileReference; lastKnownFileType = sourcecode.swift; path = User.swift; sourceTree = "<group>"; };
		AAADEFDD27B7920B00D81A52 /* FriendListItem.swift */ = {isa = PBXFileReference; lastKnownFileType = sourcecode.swift; path = FriendListItem.swift; sourceTree = "<group>"; };
		AAADEFDF27B7B28700D81A52 /* PinItem.swift */ = {isa = PBXFileReference; lastKnownFileType = sourcecode.swift; path = PinItem.swift; sourceTree = "<group>"; };
		AAADEFE127B7BB5E00D81A52 /* AvatorMapAnnotation.swift */ = {isa = PBXFileReference; lastKnownFileType = sourcecode.swift; path = AvatorMapAnnotation.swift; sourceTree = "<group>"; };
		AAE3F98827B7F75D007CD36D /* Triangle.swift */ = {isa = PBXFileReference; lastKnownFileType = sourcecode.swift; path = Triangle.swift; sourceTree = "<group>"; };
		AAE3F98A27B80727007CD36D /* LocationButton.swift */ = {isa = PBXFileReference; lastKnownFileType = sourcecode.swift; path = LocationButton.swift; sourceTree = "<group>"; };
/* End PBXFileReference section */

/* Begin PBXFrameworksBuildPhase section */
		AA26A68827AF9424003D1F17 /* Frameworks */ = {
			isa = PBXFrameworksBuildPhase;
			buildActionMask = 2147483647;
			files = (
			);
			runOnlyForDeploymentPostprocessing = 0;
		};
		AA26A68E27AF9424003D1F17 /* Frameworks */ = {
			isa = PBXFrameworksBuildPhase;
			buildActionMask = 2147483647;
			files = (
			);
			runOnlyForDeploymentPostprocessing = 0;
		};
		AA26A69527AF9424003D1F17 /* Frameworks */ = {
			isa = PBXFrameworksBuildPhase;
			buildActionMask = 2147483647;
			files = (
			);
			runOnlyForDeploymentPostprocessing = 0;
		};
		AA26A6A127AF9424003D1F17 /* Frameworks */ = {
			isa = PBXFrameworksBuildPhase;
			buildActionMask = 2147483647;
			files = (
			);
			runOnlyForDeploymentPostprocessing = 0;
		};
/* End PBXFrameworksBuildPhase section */

/* Begin PBXGroup section */
		AA26A67E27AF9423003D1F17 = {
			isa = PBXGroup;
			children = (
				AA26A68327AF9423003D1F17 /* Shared */,
				AA26A69227AF9424003D1F17 /* macOS */,
				AA26A69B27AF9424003D1F17 /* Tests iOS */,
				AA26A6A727AF9424003D1F17 /* Tests macOS */,
				AA26A68C27AF9424003D1F17 /* Products */,
			);
			sourceTree = "<group>";
		};
		AA26A68327AF9423003D1F17 /* Shared */ = {
			isa = PBXGroup;
			children = (
				AAADEFD827B78ABF00D81A52 /* Entities */,
				AA83DC4A27B019D6008F2226 /* Utilities */,
				AA83DC4727B01816008F2226 /* ViewComponent */,
				AA83DC2227AF97C5008F2226 /* Scenes */,
				AA26A68427AF9423003D1F17 /* ImaDokoApp.swift */,
				AA26A68527AF9423003D1F17 /* ContentView.swift */,
				AA83DC3E27AFA67F008F2226 /* Localizable.strings */,
				AA26A68627AF9424003D1F17 /* Assets.xcassets */,
			);
			path = Shared;
			sourceTree = "<group>";
		};
		AA26A68C27AF9424003D1F17 /* Products */ = {
			isa = PBXGroup;
			children = (
				AA26A68B27AF9424003D1F17 /* ImaDoko.app */,
				AA26A69127AF9424003D1F17 /* ImaDoko.app */,
				AA26A69827AF9424003D1F17 /* Tests iOS.xctest */,
				AA26A6A427AF9424003D1F17 /* Tests macOS.xctest */,
			);
			name = Products;
			sourceTree = "<group>";
		};
		AA26A69227AF9424003D1F17 /* macOS */ = {
			isa = PBXGroup;
			children = (
				AA26A69327AF9424003D1F17 /* macOS.entitlements */,
			);
			path = macOS;
			sourceTree = "<group>";
		};
		AA26A69B27AF9424003D1F17 /* Tests iOS */ = {
			isa = PBXGroup;
			children = (
				AA26A69C27AF9424003D1F17 /* Tests_iOS.swift */,
				AA26A69E27AF9424003D1F17 /* Tests_iOSLaunchTests.swift */,
			);
			path = "Tests iOS";
			sourceTree = "<group>";
		};
		AA26A6A727AF9424003D1F17 /* Tests macOS */ = {
			isa = PBXGroup;
			children = (
				AA26A6A827AF9424003D1F17 /* Tests_macOS.swift */,
				AA26A6AA27AF9424003D1F17 /* Tests_macOSLaunchTests.swift */,
			);
			path = "Tests macOS";
			sourceTree = "<group>";
		};
		AA83DC2227AF97C5008F2226 /* Scenes */ = {
			isa = PBXGroup;
			children = (
				AA83DC2627AF9B5A008F2226 /* Root */,
				AA83DC2327AF97DA008F2226 /* Map */,
				AA83DC4027AFC674008F2226 /* Message */,
				AA83DC2D27AF9CF3008F2226 /* Home */,
			);
			path = Scenes;
			sourceTree = "<group>";
		};
		AA83DC2327AF97DA008F2226 /* Map */ = {
			isa = PBXGroup;
			children = (
				AA83DC2427AF980A008F2226 /* MapView.swift */,
				AA83DC3627AF9F28008F2226 /* MapPresenter.swift */,
				AA83DC2B27AF9C50008F2226 /* MapRouter.swift */,
			);
			path = Map;
			sourceTree = "<group>";
		};
		AA83DC2627AF9B5A008F2226 /* Root */ = {
			isa = PBXGroup;
			children = (
				AA83DC2727AF9B67008F2226 /* RootView.swift */,
				AA83DC3427AF9F1D008F2226 /* RootPresenter.swift */,
				AA83DC2927AF9BC2008F2226 /* RootRouter.swift */,
			);
			path = Root;
			sourceTree = "<group>";
		};
		AA83DC2D27AF9CF3008F2226 /* Home */ = {
			isa = PBXGroup;
			children = (
				AA83DC2E27AF9D01008F2226 /* HomeView.swift */,
				AA83DC3227AF9F12008F2226 /* HomePresenter.swift */,
				AA83DC3027AF9D15008F2226 /* HomeRouter.swift */,
			);
			path = Home;
			sourceTree = "<group>";
		};
		AA83DC4027AFC674008F2226 /* Message */ = {
			isa = PBXGroup;
			children = (
				AA83DC4127AFC6D2008F2226 /* MessageView.swift */,
				AA83DC4327AFC6DF008F2226 /* MessagePresenter.swift */,
				AA83DC4527AFC6E7008F2226 /* MessageRouter.swift */,
			);
			path = Message;
			sourceTree = "<group>";
		};
		AA83DC4727B01816008F2226 /* ViewComponent */ = {
			isa = PBXGroup;
			children = (
				AA83DC4827B018AC008F2226 /* UnrepliedMessageItem.swift */,
				AAADEFDD27B7920B00D81A52 /* FriendListItem.swift */,
				AAADEFE127B7BB5E00D81A52 /* AvatorMapAnnotation.swift */,
				AAE3F98827B7F75D007CD36D /* Triangle.swift */,
				AAE3F98A27B80727007CD36D /* LocationButton.swift */,
			);
			path = ViewComponent;
			sourceTree = "<group>";
		};
		AA83DC4A27B019D6008F2226 /* Utilities */ = {
			isa = PBXGroup;
			children = (
				AA83DC4B27B019ED008F2226 /* DateUtility.swift */,
			);
			path = Utilities;
			sourceTree = "<group>";
		};
		AAADEFD827B78ABF00D81A52 /* Entities */ = {
			isa = PBXGroup;
			children = (
				AAADEFD927B78AE500D81A52 /* Message.swift */,
				AAADEFDB27B7907000D81A52 /* User.swift */,
				AAADEFDF27B7B28700D81A52 /* PinItem.swift */,
			);
			path = Entities;
			sourceTree = "<group>";
		};
/* End PBXGroup section */

/* Begin PBXNativeTarget section */
		AA26A68A27AF9424003D1F17 /* ImaDoko (iOS) */ = {
			isa = PBXNativeTarget;
			buildConfigurationList = AA26A6B427AF9424003D1F17 /* Build configuration list for PBXNativeTarget "ImaDoko (iOS)" */;
			buildPhases = (
				AA26A68727AF9424003D1F17 /* Sources */,
				AA26A68827AF9424003D1F17 /* Frameworks */,
				AA26A68927AF9424003D1F17 /* Resources */,
			);
			buildRules = (
			);
			dependencies = (
			);
			name = "ImaDoko (iOS)";
			productName = "ImaDoko (iOS)";
			productReference = AA26A68B27AF9424003D1F17 /* ImaDoko.app */;
			productType = "com.apple.product-type.application";
		};
		AA26A69027AF9424003D1F17 /* ImaDoko (macOS) */ = {
			isa = PBXNativeTarget;
			buildConfigurationList = AA26A6B727AF9424003D1F17 /* Build configuration list for PBXNativeTarget "ImaDoko (macOS)" */;
			buildPhases = (
				AA26A68D27AF9424003D1F17 /* Sources */,
				AA26A68E27AF9424003D1F17 /* Frameworks */,
				AA26A68F27AF9424003D1F17 /* Resources */,
			);
			buildRules = (
			);
			dependencies = (
			);
			name = "ImaDoko (macOS)";
			productName = "ImaDoko (macOS)";
			productReference = AA26A69127AF9424003D1F17 /* ImaDoko.app */;
			productType = "com.apple.product-type.application";
		};
		AA26A69727AF9424003D1F17 /* Tests iOS */ = {
			isa = PBXNativeTarget;
			buildConfigurationList = AA26A6BA27AF9424003D1F17 /* Build configuration list for PBXNativeTarget "Tests iOS" */;
			buildPhases = (
				AA26A69427AF9424003D1F17 /* Sources */,
				AA26A69527AF9424003D1F17 /* Frameworks */,
				AA26A69627AF9424003D1F17 /* Resources */,
			);
			buildRules = (
			);
			dependencies = (
				AA26A69A27AF9424003D1F17 /* PBXTargetDependency */,
			);
			name = "Tests iOS";
			productName = "Tests iOS";
			productReference = AA26A69827AF9424003D1F17 /* Tests iOS.xctest */;
			productType = "com.apple.product-type.bundle.ui-testing";
		};
		AA26A6A327AF9424003D1F17 /* Tests macOS */ = {
			isa = PBXNativeTarget;
			buildConfigurationList = AA26A6BD27AF9424003D1F17 /* Build configuration list for PBXNativeTarget "Tests macOS" */;
			buildPhases = (
				AA26A6A027AF9424003D1F17 /* Sources */,
				AA26A6A127AF9424003D1F17 /* Frameworks */,
				AA26A6A227AF9424003D1F17 /* Resources */,
			);
			buildRules = (
			);
			dependencies = (
				AA26A6A627AF9424003D1F17 /* PBXTargetDependency */,
			);
			name = "Tests macOS";
			productName = "Tests macOS";
			productReference = AA26A6A427AF9424003D1F17 /* Tests macOS.xctest */;
			productType = "com.apple.product-type.bundle.ui-testing";
		};
/* End PBXNativeTarget section */

/* Begin PBXProject section */
		AA26A67F27AF9423003D1F17 /* Project object */ = {
			isa = PBXProject;
			attributes = {
				BuildIndependentTargetsInParallel = 1;
				LastSwiftUpdateCheck = 1320;
				LastUpgradeCheck = 1320;
				TargetAttributes = {
					AA26A68A27AF9424003D1F17 = {
						CreatedOnToolsVersion = 13.2.1;
					};
					AA26A69027AF9424003D1F17 = {
						CreatedOnToolsVersion = 13.2.1;
					};
					AA26A69727AF9424003D1F17 = {
						CreatedOnToolsVersion = 13.2.1;
						TestTargetID = AA26A68A27AF9424003D1F17;
					};
					AA26A6A327AF9424003D1F17 = {
						CreatedOnToolsVersion = 13.2.1;
						TestTargetID = AA26A69027AF9424003D1F17;
					};
				};
			};
			buildConfigurationList = AA26A68227AF9423003D1F17 /* Build configuration list for PBXProject "ImaDoko" */;
			compatibilityVersion = "Xcode 13.0";
			developmentRegion = en;
			hasScannedForEncodings = 0;
			knownRegions = (
				en,
				Base,
				ja,
			);
			mainGroup = AA26A67E27AF9423003D1F17;
			productRefGroup = AA26A68C27AF9424003D1F17 /* Products */;
			projectDirPath = "";
			projectRoot = "";
			targets = (
				AA26A68A27AF9424003D1F17 /* ImaDoko (iOS) */,
				AA26A69027AF9424003D1F17 /* ImaDoko (macOS) */,
				AA26A69727AF9424003D1F17 /* Tests iOS */,
				AA26A6A327AF9424003D1F17 /* Tests macOS */,
			);
		};
/* End PBXProject section */

/* Begin PBXResourcesBuildPhase section */
		AA26A68927AF9424003D1F17 /* Resources */ = {
			isa = PBXResourcesBuildPhase;
			buildActionMask = 2147483647;
			files = (
				AA26A6B027AF9424003D1F17 /* Assets.xcassets in Resources */,
				AA83DC3C27AFA67F008F2226 /* Localizable.strings in Resources */,
			);
			runOnlyForDeploymentPostprocessing = 0;
		};
		AA26A68F27AF9424003D1F17 /* Resources */ = {
			isa = PBXResourcesBuildPhase;
			buildActionMask = 2147483647;
			files = (
				AA26A6B127AF9424003D1F17 /* Assets.xcassets in Resources */,
			);
			runOnlyForDeploymentPostprocessing = 0;
		};
		AA26A69627AF9424003D1F17 /* Resources */ = {
			isa = PBXResourcesBuildPhase;
			buildActionMask = 2147483647;
			files = (
			);
			runOnlyForDeploymentPostprocessing = 0;
		};
		AA26A6A227AF9424003D1F17 /* Resources */ = {
			isa = PBXResourcesBuildPhase;
			buildActionMask = 2147483647;
			files = (
			);
			runOnlyForDeploymentPostprocessing = 0;
		};
/* End PBXResourcesBuildPhase section */

/* Begin PBXSourcesBuildPhase section */
		AA26A68727AF9424003D1F17 /* Sources */ = {
			isa = PBXSourcesBuildPhase;
			buildActionMask = 2147483647;
			files = (
				AA83DC4227AFC6D2008F2226 /* MessageView.swift in Sources */,
				AAADEFDE27B7920B00D81A52 /* FriendListItem.swift in Sources */,
				AA83DC3527AF9F1D008F2226 /* RootPresenter.swift in Sources */,
				AA83DC4427AFC6DF008F2226 /* MessagePresenter.swift in Sources */,
				AA83DC2827AF9B67008F2226 /* RootView.swift in Sources */,
				AAADEFE027B7B28700D81A52 /* PinItem.swift in Sources */,
				AAADEFE227B7BB5E00D81A52 /* AvatorMapAnnotation.swift in Sources */,
				AAE3F98927B7F75D007CD36D /* Triangle.swift in Sources */,
				AA83DC2F27AF9D01008F2226 /* HomeView.swift in Sources */,
				AA83DC3727AF9F28008F2226 /* MapPresenter.swift in Sources */,
				AA83DC2A27AF9BC2008F2226 /* RootRouter.swift in Sources */,
				AA26A6AE27AF9424003D1F17 /* ContentView.swift in Sources */,
				AA83DC4627AFC6E7008F2226 /* MessageRouter.swift in Sources */,
				AA83DC4927B018AC008F2226 /* UnrepliedMessageItem.swift in Sources */,
				AA83DC2527AF980A008F2226 /* MapView.swift in Sources */,
				AAADEFDA27B78AE500D81A52 /* Message.swift in Sources */,
				AA83DC3127AF9D15008F2226 /* HomeRouter.swift in Sources */,
				AAE3F98B27B80727007CD36D /* LocationButton.swift in Sources */,
				AA83DC3327AF9F12008F2226 /* HomePresenter.swift in Sources */,
				AA26A6AC27AF9424003D1F17 /* ImaDokoApp.swift in Sources */,
				AAADEFDC27B7907000D81A52 /* User.swift in Sources */,
				AA83DC4C27B019ED008F2226 /* DateUtility.swift in Sources */,
				AA83DC2C27AF9C50008F2226 /* MapRouter.swift in Sources */,
			);
			runOnlyForDeploymentPostprocessing = 0;
		};
		AA26A68D27AF9424003D1F17 /* Sources */ = {
			isa = PBXSourcesBuildPhase;
			buildActionMask = 2147483647;
			files = (
				AA26A6AF27AF9424003D1F17 /* ContentView.swift in Sources */,
				AA26A6AD27AF9424003D1F17 /* ImaDokoApp.swift in Sources */,
			);
			runOnlyForDeploymentPostprocessing = 0;
		};
		AA26A69427AF9424003D1F17 /* Sources */ = {
			isa = PBXSourcesBuildPhase;
			buildActionMask = 2147483647;
			files = (
				AA26A69F27AF9424003D1F17 /* Tests_iOSLaunchTests.swift in Sources */,
				AA26A69D27AF9424003D1F17 /* Tests_iOS.swift in Sources */,
			);
			runOnlyForDeploymentPostprocessing = 0;
		};
		AA26A6A027AF9424003D1F17 /* Sources */ = {
			isa = PBXSourcesBuildPhase;
			buildActionMask = 2147483647;
			files = (
				AA26A6AB27AF9424003D1F17 /* Tests_macOSLaunchTests.swift in Sources */,
				AA26A6A927AF9424003D1F17 /* Tests_macOS.swift in Sources */,
			);
			runOnlyForDeploymentPostprocessing = 0;
		};
/* End PBXSourcesBuildPhase section */

/* Begin PBXTargetDependency section */
		AA26A69A27AF9424003D1F17 /* PBXTargetDependency */ = {
			isa = PBXTargetDependency;
			target = AA26A68A27AF9424003D1F17 /* ImaDoko (iOS) */;
			targetProxy = AA26A69927AF9424003D1F17 /* PBXContainerItemProxy */;
		};
		AA26A6A627AF9424003D1F17 /* PBXTargetDependency */ = {
			isa = PBXTargetDependency;
			target = AA26A69027AF9424003D1F17 /* ImaDoko (macOS) */;
			targetProxy = AA26A6A527AF9424003D1F17 /* PBXContainerItemProxy */;
		};
/* End PBXTargetDependency section */

/* Begin PBXVariantGroup section */
		AA83DC3E27AFA67F008F2226 /* Localizable.strings */ = {
			isa = PBXVariantGroup;
			children = (
				AA83DC3D27AFA67F008F2226 /* en */,
				AA83DC3F27AFA68A008F2226 /* ja */,
			);
			name = Localizable.strings;
			sourceTree = "<group>";
		};
/* End PBXVariantGroup section */

/* Begin XCBuildConfiguration section */
		AA26A6B227AF9424003D1F17 /* Debug */ = {
			isa = XCBuildConfiguration;
			buildSettings = {
				ALWAYS_SEARCH_USER_PATHS = NO;
				CLANG_ANALYZER_NONNULL = YES;
				CLANG_ANALYZER_NUMBER_OBJECT_CONVERSION = YES_AGGRESSIVE;
				CLANG_CXX_LANGUAGE_STANDARD = "gnu++17";
				CLANG_CXX_LIBRARY = "libc++";
				CLANG_ENABLE_MODULES = YES;
				CLANG_ENABLE_OBJC_ARC = YES;
				CLANG_ENABLE_OBJC_WEAK = YES;
				CLANG_WARN_BLOCK_CAPTURE_AUTORELEASING = YES;
				CLANG_WARN_BOOL_CONVERSION = YES;
				CLANG_WARN_COMMA = YES;
				CLANG_WARN_CONSTANT_CONVERSION = YES;
				CLANG_WARN_DEPRECATED_OBJC_IMPLEMENTATIONS = YES;
				CLANG_WARN_DIRECT_OBJC_ISA_USAGE = YES_ERROR;
				CLANG_WARN_DOCUMENTATION_COMMENTS = YES;
				CLANG_WARN_EMPTY_BODY = YES;
				CLANG_WARN_ENUM_CONVERSION = YES;
				CLANG_WARN_INFINITE_RECURSION = YES;
				CLANG_WARN_INT_CONVERSION = YES;
				CLANG_WARN_NON_LITERAL_NULL_CONVERSION = YES;
				CLANG_WARN_OBJC_IMPLICIT_RETAIN_SELF = YES;
				CLANG_WARN_OBJC_LITERAL_CONVERSION = YES;
				CLANG_WARN_OBJC_ROOT_CLASS = YES_ERROR;
				CLANG_WARN_QUOTED_INCLUDE_IN_FRAMEWORK_HEADER = YES;
				CLANG_WARN_RANGE_LOOP_ANALYSIS = YES;
				CLANG_WARN_STRICT_PROTOTYPES = YES;
				CLANG_WARN_SUSPICIOUS_MOVE = YES;
				CLANG_WARN_UNGUARDED_AVAILABILITY = YES_AGGRESSIVE;
				CLANG_WARN_UNREACHABLE_CODE = YES;
				CLANG_WARN__DUPLICATE_METHOD_MATCH = YES;
				COPY_PHASE_STRIP = NO;
				DEBUG_INFORMATION_FORMAT = dwarf;
				ENABLE_STRICT_OBJC_MSGSEND = YES;
				ENABLE_TESTABILITY = YES;
				GCC_C_LANGUAGE_STANDARD = gnu11;
				GCC_DYNAMIC_NO_PIC = NO;
				GCC_NO_COMMON_BLOCKS = YES;
				GCC_OPTIMIZATION_LEVEL = 0;
				GCC_PREPROCESSOR_DEFINITIONS = (
					"DEBUG=1",
					"$(inherited)",
				);
				GCC_WARN_64_TO_32_BIT_CONVERSION = YES;
				GCC_WARN_ABOUT_RETURN_TYPE = YES_ERROR;
				GCC_WARN_UNDECLARED_SELECTOR = YES;
				GCC_WARN_UNINITIALIZED_AUTOS = YES_AGGRESSIVE;
				GCC_WARN_UNUSED_FUNCTION = YES;
				GCC_WARN_UNUSED_VARIABLE = YES;
				MTL_ENABLE_DEBUG_INFO = INCLUDE_SOURCE;
				MTL_FAST_MATH = YES;
				ONLY_ACTIVE_ARCH = YES;
				SWIFT_ACTIVE_COMPILATION_CONDITIONS = DEBUG;
				SWIFT_OPTIMIZATION_LEVEL = "-Onone";
			};
			name = Debug;
		};
		AA26A6B327AF9424003D1F17 /* Release */ = {
			isa = XCBuildConfiguration;
			buildSettings = {
				ALWAYS_SEARCH_USER_PATHS = NO;
				CLANG_ANALYZER_NONNULL = YES;
				CLANG_ANALYZER_NUMBER_OBJECT_CONVERSION = YES_AGGRESSIVE;
				CLANG_CXX_LANGUAGE_STANDARD = "gnu++17";
				CLANG_CXX_LIBRARY = "libc++";
				CLANG_ENABLE_MODULES = YES;
				CLANG_ENABLE_OBJC_ARC = YES;
				CLANG_ENABLE_OBJC_WEAK = YES;
				CLANG_WARN_BLOCK_CAPTURE_AUTORELEASING = YES;
				CLANG_WARN_BOOL_CONVERSION = YES;
				CLANG_WARN_COMMA = YES;
				CLANG_WARN_CONSTANT_CONVERSION = YES;
				CLANG_WARN_DEPRECATED_OBJC_IMPLEMENTATIONS = YES;
				CLANG_WARN_DIRECT_OBJC_ISA_USAGE = YES_ERROR;
				CLANG_WARN_DOCUMENTATION_COMMENTS = YES;
				CLANG_WARN_EMPTY_BODY = YES;
				CLANG_WARN_ENUM_CONVERSION = YES;
				CLANG_WARN_INFINITE_RECURSION = YES;
				CLANG_WARN_INT_CONVERSION = YES;
				CLANG_WARN_NON_LITERAL_NULL_CONVERSION = YES;
				CLANG_WARN_OBJC_IMPLICIT_RETAIN_SELF = YES;
				CLANG_WARN_OBJC_LITERAL_CONVERSION = YES;
				CLANG_WARN_OBJC_ROOT_CLASS = YES_ERROR;
				CLANG_WARN_QUOTED_INCLUDE_IN_FRAMEWORK_HEADER = YES;
				CLANG_WARN_RANGE_LOOP_ANALYSIS = YES;
				CLANG_WARN_STRICT_PROTOTYPES = YES;
				CLANG_WARN_SUSPICIOUS_MOVE = YES;
				CLANG_WARN_UNGUARDED_AVAILABILITY = YES_AGGRESSIVE;
				CLANG_WARN_UNREACHABLE_CODE = YES;
				CLANG_WARN__DUPLICATE_METHOD_MATCH = YES;
				COPY_PHASE_STRIP = NO;
				DEBUG_INFORMATION_FORMAT = "dwarf-with-dsym";
				ENABLE_NS_ASSERTIONS = NO;
				ENABLE_STRICT_OBJC_MSGSEND = YES;
				GCC_C_LANGUAGE_STANDARD = gnu11;
				GCC_NO_COMMON_BLOCKS = YES;
				GCC_WARN_64_TO_32_BIT_CONVERSION = YES;
				GCC_WARN_ABOUT_RETURN_TYPE = YES_ERROR;
				GCC_WARN_UNDECLARED_SELECTOR = YES;
				GCC_WARN_UNINITIALIZED_AUTOS = YES_AGGRESSIVE;
				GCC_WARN_UNUSED_FUNCTION = YES;
				GCC_WARN_UNUSED_VARIABLE = YES;
				MTL_ENABLE_DEBUG_INFO = NO;
				MTL_FAST_MATH = YES;
				SWIFT_COMPILATION_MODE = wholemodule;
				SWIFT_OPTIMIZATION_LEVEL = "-O";
			};
			name = Release;
		};
		AA26A6B527AF9424003D1F17 /* Debug */ = {
			isa = XCBuildConfiguration;
			buildSettings = {
				ASSETCATALOG_COMPILER_APPICON_NAME = AppIcon;
				ASSETCATALOG_COMPILER_GLOBAL_ACCENT_COLOR_NAME = AccentColor;
				CODE_SIGN_STYLE = Automatic;
				CURRENT_PROJECT_VERSION = 1;
				DEVELOPMENT_TEAM = TB8F2PW523;
				ENABLE_PREVIEWS = YES;
				GENERATE_INFOPLIST_FILE = YES;
				INFOPLIST_KEY_UIApplicationSceneManifest_Generation = YES;
				INFOPLIST_KEY_UIApplicationSupportsIndirectInputEvents = YES;
				INFOPLIST_KEY_UILaunchScreen_Generation = YES;
				INFOPLIST_KEY_UISupportedInterfaceOrientations_iPad = "UIInterfaceOrientationPortrait UIInterfaceOrientationPortraitUpsideDown UIInterfaceOrientationLandscapeLeft UIInterfaceOrientationLandscapeRight";
				INFOPLIST_KEY_UISupportedInterfaceOrientations_iPhone = "UIInterfaceOrientationPortrait UIInterfaceOrientationLandscapeLeft UIInterfaceOrientationLandscapeRight";
				IPHONEOS_DEPLOYMENT_TARGET = 15.2;
				LD_RUNPATH_SEARCH_PATHS = (
					"$(inherited)",
					"@executable_path/Frameworks",
				);
				MARKETING_VERSION = 1.0;
				PRODUCT_BUNDLE_IDENTIFIER = icu.yum14.ImaDoko;
				PRODUCT_NAME = ImaDoko;
				SDKROOT = iphoneos;
				SWIFT_EMIT_LOC_STRINGS = YES;
				SWIFT_VERSION = 5.0;
				TARGETED_DEVICE_FAMILY = "1,2";
			};
			name = Debug;
		};
		AA26A6B627AF9424003D1F17 /* Release */ = {
			isa = XCBuildConfiguration;
			buildSettings = {
				ASSETCATALOG_COMPILER_APPICON_NAME = AppIcon;
				ASSETCATALOG_COMPILER_GLOBAL_ACCENT_COLOR_NAME = AccentColor;
				CODE_SIGN_STYLE = Automatic;
				CURRENT_PROJECT_VERSION = 1;
				DEVELOPMENT_TEAM = TB8F2PW523;
				ENABLE_PREVIEWS = YES;
				GENERATE_INFOPLIST_FILE = YES;
				INFOPLIST_KEY_UIApplicationSceneManifest_Generation = YES;
				INFOPLIST_KEY_UIApplicationSupportsIndirectInputEvents = YES;
				INFOPLIST_KEY_UILaunchScreen_Generation = YES;
				INFOPLIST_KEY_UISupportedInterfaceOrientations_iPad = "UIInterfaceOrientationPortrait UIInterfaceOrientationPortraitUpsideDown UIInterfaceOrientationLandscapeLeft UIInterfaceOrientationLandscapeRight";
				INFOPLIST_KEY_UISupportedInterfaceOrientations_iPhone = "UIInterfaceOrientationPortrait UIInterfaceOrientationLandscapeLeft UIInterfaceOrientationLandscapeRight";
				IPHONEOS_DEPLOYMENT_TARGET = 15.2;
				LD_RUNPATH_SEARCH_PATHS = (
					"$(inherited)",
					"@executable_path/Frameworks",
				);
				MARKETING_VERSION = 1.0;
				PRODUCT_BUNDLE_IDENTIFIER = icu.yum14.ImaDoko;
				PRODUCT_NAME = ImaDoko;
				SDKROOT = iphoneos;
				SWIFT_EMIT_LOC_STRINGS = YES;
				SWIFT_VERSION = 5.0;
				TARGETED_DEVICE_FAMILY = "1,2";
				VALIDATE_PRODUCT = YES;
			};
			name = Release;
		};
		AA26A6B827AF9424003D1F17 /* Debug */ = {
			isa = XCBuildConfiguration;
			buildSettings = {
				ASSETCATALOG_COMPILER_APPICON_NAME = AppIcon;
				ASSETCATALOG_COMPILER_GLOBAL_ACCENT_COLOR_NAME = AccentColor;
				CODE_SIGN_ENTITLEMENTS = macOS/macOS.entitlements;
				CODE_SIGN_STYLE = Automatic;
				COMBINE_HIDPI_IMAGES = YES;
				CURRENT_PROJECT_VERSION = 1;
				DEVELOPMENT_TEAM = TB8F2PW523;
				ENABLE_HARDENED_RUNTIME = YES;
				ENABLE_PREVIEWS = YES;
				GENERATE_INFOPLIST_FILE = YES;
				INFOPLIST_KEY_NSHumanReadableCopyright = "";
				LD_RUNPATH_SEARCH_PATHS = (
					"$(inherited)",
					"@executable_path/../Frameworks",
				);
				MACOSX_DEPLOYMENT_TARGET = 12.0;
				MARKETING_VERSION = 1.0;
				PRODUCT_BUNDLE_IDENTIFIER = icu.yum14.ImaDoko;
				PRODUCT_NAME = ImaDoko;
				SDKROOT = macosx;
				SWIFT_EMIT_LOC_STRINGS = YES;
				SWIFT_VERSION = 5.0;
			};
			name = Debug;
		};
		AA26A6B927AF9424003D1F17 /* Release */ = {
			isa = XCBuildConfiguration;
			buildSettings = {
				ASSETCATALOG_COMPILER_APPICON_NAME = AppIcon;
				ASSETCATALOG_COMPILER_GLOBAL_ACCENT_COLOR_NAME = AccentColor;
				CODE_SIGN_ENTITLEMENTS = macOS/macOS.entitlements;
				CODE_SIGN_STYLE = Automatic;
				COMBINE_HIDPI_IMAGES = YES;
				CURRENT_PROJECT_VERSION = 1;
				DEVELOPMENT_TEAM = TB8F2PW523;
				ENABLE_HARDENED_RUNTIME = YES;
				ENABLE_PREVIEWS = YES;
				GENERATE_INFOPLIST_FILE = YES;
				INFOPLIST_KEY_NSHumanReadableCopyright = "";
				LD_RUNPATH_SEARCH_PATHS = (
					"$(inherited)",
					"@executable_path/../Frameworks",
				);
				MACOSX_DEPLOYMENT_TARGET = 12.0;
				MARKETING_VERSION = 1.0;
				PRODUCT_BUNDLE_IDENTIFIER = icu.yum14.ImaDoko;
				PRODUCT_NAME = ImaDoko;
				SDKROOT = macosx;
				SWIFT_EMIT_LOC_STRINGS = YES;
				SWIFT_VERSION = 5.0;
			};
			name = Release;
		};
		AA26A6BB27AF9424003D1F17 /* Debug */ = {
			isa = XCBuildConfiguration;
			buildSettings = {
				ALWAYS_EMBED_SWIFT_STANDARD_LIBRARIES = YES;
				CODE_SIGN_STYLE = Automatic;
				CURRENT_PROJECT_VERSION = 1;
				DEVELOPMENT_TEAM = TB8F2PW523;
				GENERATE_INFOPLIST_FILE = YES;
				IPHONEOS_DEPLOYMENT_TARGET = 15.2;
				MARKETING_VERSION = 1.0;
				PRODUCT_BUNDLE_IDENTIFIER = "icu.yum14.Tests-iOS";
				PRODUCT_NAME = "$(TARGET_NAME)";
				SDKROOT = iphoneos;
				SWIFT_EMIT_LOC_STRINGS = NO;
				SWIFT_VERSION = 5.0;
				TARGETED_DEVICE_FAMILY = "1,2";
				TEST_TARGET_NAME = "ImaDoko (iOS)";
			};
			name = Debug;
		};
		AA26A6BC27AF9424003D1F17 /* Release */ = {
			isa = XCBuildConfiguration;
			buildSettings = {
				ALWAYS_EMBED_SWIFT_STANDARD_LIBRARIES = YES;
				CODE_SIGN_STYLE = Automatic;
				CURRENT_PROJECT_VERSION = 1;
				DEVELOPMENT_TEAM = TB8F2PW523;
				GENERATE_INFOPLIST_FILE = YES;
				IPHONEOS_DEPLOYMENT_TARGET = 15.2;
				MARKETING_VERSION = 1.0;
				PRODUCT_BUNDLE_IDENTIFIER = "icu.yum14.Tests-iOS";
				PRODUCT_NAME = "$(TARGET_NAME)";
				SDKROOT = iphoneos;
				SWIFT_EMIT_LOC_STRINGS = NO;
				SWIFT_VERSION = 5.0;
				TARGETED_DEVICE_FAMILY = "1,2";
				TEST_TARGET_NAME = "ImaDoko (iOS)";
				VALIDATE_PRODUCT = YES;
			};
			name = Release;
		};
		AA26A6BE27AF9424003D1F17 /* Debug */ = {
			isa = XCBuildConfiguration;
			buildSettings = {
				ALWAYS_EMBED_SWIFT_STANDARD_LIBRARIES = YES;
				CODE_SIGN_STYLE = Automatic;
				CURRENT_PROJECT_VERSION = 1;
				DEVELOPMENT_TEAM = TB8F2PW523;
				GENERATE_INFOPLIST_FILE = YES;
				MACOSX_DEPLOYMENT_TARGET = 12.0;
				MARKETING_VERSION = 1.0;
				PRODUCT_BUNDLE_IDENTIFIER = "icu.yum14.Tests-macOS";
				PRODUCT_NAME = "$(TARGET_NAME)";
				SDKROOT = macosx;
				SWIFT_EMIT_LOC_STRINGS = NO;
				SWIFT_VERSION = 5.0;
				TEST_TARGET_NAME = "ImaDoko (macOS)";
			};
			name = Debug;
		};
		AA26A6BF27AF9424003D1F17 /* Release */ = {
			isa = XCBuildConfiguration;
			buildSettings = {
				ALWAYS_EMBED_SWIFT_STANDARD_LIBRARIES = YES;
				CODE_SIGN_STYLE = Automatic;
				CURRENT_PROJECT_VERSION = 1;
				DEVELOPMENT_TEAM = TB8F2PW523;
				GENERATE_INFOPLIST_FILE = YES;
				MACOSX_DEPLOYMENT_TARGET = 12.0;
				MARKETING_VERSION = 1.0;
				PRODUCT_BUNDLE_IDENTIFIER = "icu.yum14.Tests-macOS";
				PRODUCT_NAME = "$(TARGET_NAME)";
				SDKROOT = macosx;
				SWIFT_EMIT_LOC_STRINGS = NO;
				SWIFT_VERSION = 5.0;
				TEST_TARGET_NAME = "ImaDoko (macOS)";
			};
			name = Release;
		};
/* End XCBuildConfiguration section */

/* Begin XCConfigurationList section */
		AA26A68227AF9423003D1F17 /* Build configuration list for PBXProject "ImaDoko" */ = {
			isa = XCConfigurationList;
			buildConfigurations = (
				AA26A6B227AF9424003D1F17 /* Debug */,
				AA26A6B327AF9424003D1F17 /* Release */,
			);
			defaultConfigurationIsVisible = 0;
			defaultConfigurationName = Release;
		};
		AA26A6B427AF9424003D1F17 /* Build configuration list for PBXNativeTarget "ImaDoko (iOS)" */ = {
			isa = XCConfigurationList;
			buildConfigurations = (
				AA26A6B527AF9424003D1F17 /* Debug */,
				AA26A6B627AF9424003D1F17 /* Release */,
			);
			defaultConfigurationIsVisible = 0;
			defaultConfigurationName = Release;
		};
		AA26A6B727AF9424003D1F17 /* Build configuration list for PBXNativeTarget "ImaDoko (macOS)" */ = {
			isa = XCConfigurationList;
			buildConfigurations = (
				AA26A6B827AF9424003D1F17 /* Debug */,
				AA26A6B927AF9424003D1F17 /* Release */,
			);
			defaultConfigurationIsVisible = 0;
			defaultConfigurationName = Release;
		};
		AA26A6BA27AF9424003D1F17 /* Build configuration list for PBXNativeTarget "Tests iOS" */ = {
			isa = XCConfigurationList;
			buildConfigurations = (
				AA26A6BB27AF9424003D1F17 /* Debug */,
				AA26A6BC27AF9424003D1F17 /* Release */,
			);
			defaultConfigurationIsVisible = 0;
			defaultConfigurationName = Release;
		};
		AA26A6BD27AF9424003D1F17 /* Build configuration list for PBXNativeTarget "Tests macOS" */ = {
			isa = XCConfigurationList;
			buildConfigurations = (
				AA26A6BE27AF9424003D1F17 /* Debug */,
				AA26A6BF27AF9424003D1F17 /* Release */,
			);
			defaultConfigurationIsVisible = 0;
			defaultConfigurationName = Release;
		};
/* End XCConfigurationList section */
	};
	rootObject = AA26A67F27AF9423003D1F17 /* Project object */;
}
